
Microsoft Visual Studio Solution File, Format Version 12.00
# Visual Studio Version 17
VisualStudioVersion = 17.4.33103.184
MinimumVisualStudioVersion = 10.0.40219.1
Project("{FAE04EC0-301F-11D3-BF4B-00C04F79EFBC}") = "MiniWord", "MiniWord\MiniWord.csproj", "{128A9DE8-CE67-4DCD-8274-AA8C74AA13A9}"
EndProject
Global
	GlobalSection(SolutionConfigurationPlatforms) = preSolution
		Debug|Any CPU = Debug|Any CPU
		Release|Any CPU = Release|Any CPU
	EndGlobalSection
	GlobalSection(ProjectConfigurationPlatforms) = postSolution
		{128A9DE8-CE67-4DCD-8274-AA8C74AA13A9}.Debug|Any CPU.ActiveCfg = Debug|Any CPU
		{128A9DE8-CE67-4DCD-8274-AA8C74AA13A9}.Debug|Any CPU.Build.0 = Debug|Any CPU
		{128A9DE8-CE67-4DCD-8274-AA8C74AA13A9}.Release|Any CPU.ActiveCfg = Release|Any CPU
		{128A9DE8-CE67-4DCD-8274-AA8C74AA13A9}.Release|Any CPU.Build.0 = Release|Any CPU
	EndGlobalSection
	GlobalSection(SolutionProperties) = preSolution
		HideSolutionNode = FALSE
	EndGlobalSection
	GlobalSection(ExtensibilityGlobals) = postSolution
		SolutionGuid = {96B549C4-ACCD-4FC7-B163-499531E912BE}
	EndGlobalSection
EndGlobal
